// !$*UTF8*$!
{
	archiveVersion = 1;
	classes = {
	};
	objectVersion = 55;
	objects = {

/* Begin PBXBuildFile section */
		4733FB3526E4EB2D00C62579 /* Tests_iOS.swift in Sources */ = {isa = PBXBuildFile; fileRef = 4733FB3426E4EB2D00C62579 /* Tests_iOS.swift */; };
		4733FB3726E4EB2D00C62579 /* Tests_iOSLaunchTests.swift in Sources */ = {isa = PBXBuildFile; fileRef = 4733FB3626E4EB2D00C62579 /* Tests_iOSLaunchTests.swift */; };
		4733FB4126E4EB2D00C62579 /* Tests_macOS.swift in Sources */ = {isa = PBXBuildFile; fileRef = 4733FB4026E4EB2D00C62579 /* Tests_macOS.swift */; };
		4733FB4326E4EB2D00C62579 /* Tests_macOSLaunchTests.swift in Sources */ = {isa = PBXBuildFile; fileRef = 4733FB4226E4EB2D00C62579 /* Tests_macOSLaunchTests.swift */; };
		4733FB4426E4EB2D00C62579 /* UI_300App.swift in Sources */ = {isa = PBXBuildFile; fileRef = 4733FB1E26E4EB2C00C62579 /* UI_300App.swift */; };
		4733FB4526E4EB2D00C62579 /* UI_300App.swift in Sources */ = {isa = PBXBuildFile; fileRef = 4733FB1E26E4EB2C00C62579 /* UI_300App.swift */; };
		4733FB4626E4EB2D00C62579 /* ContentView.swift in Sources */ = {isa = PBXBuildFile; fileRef = 4733FB1F26E4EB2C00C62579 /* ContentView.swift */; };
		4733FB4726E4EB2D00C62579 /* ContentView.swift in Sources */ = {isa = PBXBuildFile; fileRef = 4733FB1F26E4EB2C00C62579 /* ContentView.swift */; };
		4733FB4826E4EB2D00C62579 /* Assets.xcassets in Resources */ = {isa = PBXBuildFile; fileRef = 4733FB2026E4EB2D00C62579 /* Assets.xcassets */; };
		4733FB4926E4EB2D00C62579 /* Assets.xcassets in Resources */ = {isa = PBXBuildFile; fileRef = 4733FB2026E4EB2D00C62579 /* Assets.xcassets */; };
/* End PBXBuildFile section */

/* Begin PBXContainerItemProxy section */
		4733FB3126E4EB2D00C62579 /* PBXContainerItemProxy */ = {
			isa = PBXContainerItemProxy;
			containerPortal = 4733FB1926E4EB2C00C62579 /* Project object */;
			proxyType = 1;
			remoteGlobalIDString = 4733FB2426E4EB2D00C62579;
			remoteInfo = "UI-300 (iOS)";
		};
		4733FB3D26E4EB2D00C62579 /* PBXContainerItemProxy */ = {
			isa = PBXContainerItemProxy;
			containerPortal = 4733FB1926E4EB2C00C62579 /* Project object */;
			proxyType = 1;
			remoteGlobalIDString = 4733FB2A26E4EB2D00C62579;
			remoteInfo = "UI-300 (macOS)";
		};
/* End PBXContainerItemProxy section */

/* Begin PBXFileReference section */
		4733FB1E26E4EB2C00C62579 /* UI_300App.swift */ = {isa = PBXFileReference; lastKnownFileType = sourcecode.swift; path = UI_300App.swift; sourceTree = "<group>"; };
		4733FB1F26E4EB2C00C62579 /* ContentView.swift */ = {isa = PBXFileReference; lastKnownFileType = sourcecode.swift; path = ContentView.swift; sourceTree = "<group>"; };
		4733FB2026E4EB2D00C62579 /* Assets.xcassets */ = {isa = PBXFileReference; lastKnownFileType = folder.assetcatalog; path = Assets.xcassets; sourceTree = "<group>"; };
		4733FB2526E4EB2D00C62579 /* UI-300.app */ = {isa = PBXFileReference; explicitFileType = wrapper.application; includeInIndex = 0; path = "UI-300.app"; sourceTree = BUILT_PRODUCTS_DIR; };
		4733FB2B26E4EB2D00C62579 /* UI-300.app */ = {isa = PBXFileReference; explicitFileType = wrapper.application; includeInIndex = 0; path = "UI-300.app"; sourceTree = BUILT_PRODUCTS_DIR; };
		4733FB3026E4EB2D00C62579 /* Tests iOS.xctest */ = {isa = PBXFileReference; explicitFileType = wrapper.cfbundle; includeInIndex = 0; path = "Tests iOS.xctest"; sourceTree = BUILT_PRODUCTS_DIR; };
		4733FB3426E4EB2D00C62579 /* Tests_iOS.swift */ = {isa = PBXFileReference; lastKnownFileType = sourcecode.swift; path = Tests_iOS.swift; sourceTree = "<group>"; };
		4733FB3626E4EB2D00C62579 /* Tests_iOSLaunchTests.swift */ = {isa = PBXFileReference; lastKnownFileType = sourcecode.swift; path = Tests_iOSLaunchTests.swift; sourceTree = "<group>"; };
		4733FB3C26E4EB2D00C62579 /* Tests macOS.xctest */ = {isa = PBXFileReference; explicitFileType = wrapper.cfbundle; includeInIndex = 0; path = "Tests macOS.xctest"; sourceTree = BUILT_PRODUCTS_DIR; };
		4733FB4026E4EB2D00C62579 /* Tests_macOS.swift */ = {isa = PBXFileReference; lastKnownFileType = sourcecode.swift; path = Tests_macOS.swift; sourceTree = "<group>"; };
		4733FB4226E4EB2D00C62579 /* Tests_macOSLaunchTests.swift */ = {isa = PBXFileReference; lastKnownFileType = sourcecode.swift; path = Tests_macOSLaunchTests.swift; sourceTree = "<group>"; };
/* End PBXFileReference section */

/* Begin PBXFrameworksBuildPhase section */
		4733FB2226E4EB2D00C62579 /* Frameworks */ = {
			isa = PBXFrameworksBuildPhase;
			buildActionMask = 2147483647;
			files = (
			);
			runOnlyForDeploymentPostprocessing = 0;
		};
		4733FB2826E4EB2D00C62579 /* Frameworks */ = {
			isa = PBXFrameworksBuildPhase;
			buildActionMask = 2147483647;
			files = (
			);
			runOnlyForDeploymentPostprocessing = 0;
		};
		4733FB2D26E4EB2D00C62579 /* Frameworks */ = {
			isa = PBXFrameworksBuildPhase;
			buildActionMask = 2147483647;
			files = (
			);
			runOnlyForDeploymentPostprocessing = 0;
		};
		4733FB3926E4EB2D00C62579 /* Frameworks */ = {
			isa = PBXFrameworksBuildPhase;
			buildActionMask = 2147483647;
			files = (
			);
			runOnlyForDeploymentPostprocessing = 0;
		};
/* End PBXFrameworksBuildPhase section */

/* Begin PBXGroup section */
		4733FB1826E4EB2C00C62579 = {
			isa = PBXGroup;
			children = (
				4733FB1D26E4EB2C00C62579 /* Shared */,
				4733FB3326E4EB2D00C62579 /* Tests iOS */,
				4733FB3F26E4EB2D00C62579 /* Tests macOS */,
				4733FB2626E4EB2D00C62579 /* Products */,
			);
			sourceTree = "<group>";
		};
		4733FB1D26E4EB2C00C62579 /* Shared */ = {
			isa = PBXGroup;
			children = (
				4733FB1E26E4EB2C00C62579 /* UI_300App.swift */,
				4733FB1F26E4EB2C00C62579 /* ContentView.swift */,
				4733FB2026E4EB2D00C62579 /* Assets.xcassets */,
			);
			path = Shared;
			sourceTree = "<group>";
		};
		4733FB2626E4EB2D00C62579 /* Products */ = {
			isa = PBXGroup;
			children = (
				4733FB2526E4EB2D00C62579 /* UI-300.app */,
				4733FB2B26E4EB2D00C62579 /* UI-300.app */,
				4733FB3026E4EB2D00C62579 /* Tests iOS.xctest */,
				4733FB3C26E4EB2D00C62579 /* Tests macOS.xctest */,
			);
			name = Products;
			sourceTree = "<group>";
		};
		4733FB3326E4EB2D00C62579 /* Tests iOS */ = {
			isa = PBXGroup;
			children = (
				4733FB3426E4EB2D00C62579 /* Tests_iOS.swift */,
				4733FB3626E4EB2D00C62579 /* Tests_iOSLaunchTests.swift */,
			);
			path = "Tests iOS";
			sourceTree = "<group>";
		};
		4733FB3F26E4EB2D00C62579 /* Tests macOS */ = {
			isa = PBXGroup;
			children = (
				4733FB4026E4EB2D00C62579 /* Tests_macOS.swift */,
				4733FB4226E4EB2D00C62579 /* Tests_macOSLaunchTests.swift */,
			);
			path = "Tests macOS";
			sourceTree = "<group>";
		};
/* End PBXGroup section */

/* Begin PBXNativeTarget section */
		4733FB2426E4EB2D00C62579 /* UI-300 (iOS) */ = {
			isa = PBXNativeTarget;
			buildConfigurationList = 4733FB4C26E4EB2D00C62579 /* Build configuration list for PBXNativeTarget "UI-300 (iOS)" */;
			buildPhases = (
				4733FB2126E4EB2D00C62579 /* Sources */,
				4733FB2226E4EB2D00C62579 /* Frameworks */,
				4733FB2326E4EB2D00C62579 /* Resources */,
			);
			buildRules = (
			);
			dependencies = (
			);
			name = "UI-300 (iOS)";
			productName = "UI-300 (iOS)";
			productReference = 4733FB2526E4EB2D00C62579 /* UI-300.app */;
			productType = "com.apple.product-type.application";
		};
		4733FB2A26E4EB2D00C62579 /* UI-300 (macOS) */ = {
			isa = PBXNativeTarget;
			buildConfigurationList = 4733FB4F26E4EB2D00C62579 /* Build configuration list for PBXNativeTarget "UI-300 (macOS)" */;
			buildPhases = (
				4733FB2726E4EB2D00C62579 /* Sources */,
				4733FB2826E4EB2D00C62579 /* Frameworks */,
				4733FB2926E4EB2D00C62579 /* Resources */,
			);
			buildRules = (
			);
			dependencies = (
			);
			name = "UI-300 (macOS)";
			productName = "UI-300 (macOS)";
			productReference = 4733FB2B26E4EB2D00C62579 /* UI-300.app */;
			productType = "com.apple.product-type.application";
		};
		4733FB2F26E4EB2D00C62579 /* Tests iOS */ = {
			isa = PBXNativeTarget;
			buildConfigurationList = 4733FB5226E4EB2D00C62579 /* Build configuration list for PBXNativeTarget "Tests iOS" */;
			buildPhases = (
				4733FB2C26E4EB2D00C62579 /* Sources */,
				4733FB2D26E4EB2D00C62579 /* Frameworks */,
				4733FB2E26E4EB2D00C62579 /* Resources */,
			);
			buildRules = (
			);
			dependencies = (
				4733FB3226E4EB2D00C62579 /* PBXTargetDependency */,
			);
			name = "Tests iOS";
			productName = "Tests iOS";
			productReference = 4733FB3026E4EB2D00C62579 /* Tests iOS.xctest */;
			productType = "com.apple.product-type.bundle.ui-testing";
		};
		4733FB3B26E4EB2D00C62579 /* Tests macOS */ = {
			isa = PBXNativeTarget;
			buildConfigurationList = 4733FB5526E4EB2D00C62579 /* Build configuration list for PBXNativeTarget "Tests macOS" */;
			buildPhases = (
				4733FB3826E4EB2D00C62579 /* Sources */,
				4733FB3926E4EB2D00C62579 /* Frameworks */,
				4733FB3A26E4EB2D00C62579 /* Resources */,
			);
			buildRules = (
			);
			dependencies = (
				4733FB3E26E4EB2D00C62579 /* PBXTargetDependency */,
			);
			name = "Tests macOS";
			productName = "Tests macOS";
			productReference = 4733FB3C26E4EB2D00C62579 /* Tests macOS.xctest */;
			productType = "com.apple.product-type.bundle.ui-testing";
		};
/* End PBXNativeTarget section */

/* Begin PBXProject section */
		4733FB1926E4EB2C00C62579 /* Project object */ = {
			isa = PBXProject;
			attributes = {
				BuildIndependentTargetsInParallel = 1;
				LastSwiftUpdateCheck = 1300;
				LastUpgradeCheck = 1300;
				TargetAttributes = {
					4733FB2426E4EB2D00C62579 = {
						CreatedOnToolsVersion = 13.0;
					};
					4733FB2A26E4EB2D00C62579 = {
						CreatedOnToolsVersion = 13.0;
					};
					4733FB2F26E4EB2D00C62579 = {
						CreatedOnToolsVersion = 13.0;
						TestTargetID = 4733FB2426E4EB2D00C62579;
					};
					4733FB3B26E4EB2D00C62579 = {
						CreatedOnToolsVersion = 13.0;
						TestTargetID = 4733FB2A26E4EB2D00C62579;
					};
				};
			};
			buildConfigurationList = 4733FB1C26E4EB2C00C62579 /* Build configuration list for PBXProject "UI-300" */;
			compatibilityVersion = "Xcode 13.0";
			developmentRegion = en;
			hasScannedForEncodings = 0;
			knownRegions = (
				en,
				Base,
			);
			mainGroup = 4733FB1826E4EB2C00C62579;
			productRefGroup = 4733FB2626E4EB2D00C62579 /* Products */;
			projectDirPath = "";
			projectRoot = "";
			targets = (
				4733FB2426E4EB2D00C62579 /* UI-300 (iOS) */,
				4733FB2A26E4EB2D00C62579 /* UI-300 (macOS) */,
				4733FB2F26E4EB2D00C62579 /* Tests iOS */,
				4733FB3B26E4EB2D00C62579 /* Tests macOS */,
			);
		};
/* End PBXProject section */

/* Begin PBXResourcesBuildPhase section */
		4733FB2326E4EB2D00C62579 /* Resources */ = {
			isa = PBXResourcesBuildPhase;
			buildActionMask = 2147483647;
			files = (
				4733FB4826E4EB2D00C62579 /* Assets.xcassets in Resources */,
			);
			runOnlyForDeploymentPostprocessing = 0;
		};
		4733FB2926E4EB2D00C62579 /* Resources */ = {
			isa = PBXResourcesBuildPhase;
			buildActionMask = 2147483647;
			files = (
				4733FB4926E4EB2D00C62579 /* Assets.xcassets in Resources */,
			);
			runOnlyForDeploymentPostprocessing = 0;
		};
		4733FB2E26E4EB2D00C62579 /* Resources */ = {
			isa = PBXResourcesBuildPhase;
			buildActionMask = 2147483647;
			files = (
			);
			runOnlyForDeploymentPostprocessing = 0;
		};
		4733FB3A26E4EB2D00C62579 /* Resources */ = {
			isa = PBXResourcesBuildPhase;
			buildActionMask = 2147483647;
			files = (
			);
			runOnlyForDeploymentPostprocessing = 0;
		};
/* End PBXResourcesBuildPhase section */

/* Begin PBXSourcesBuildPhase section */
		4733FB2126E4EB2D00C62579 /* Sources */ = {
			isa = PBXSourcesBuildPhase;
			buildActionMask = 2147483647;
			files = (
				4733FB4626E4EB2D00C62579 /* ContentView.swift in Sources */,
				4733FB4426E4EB2D00C62579 /* UI_300App.swift in Sources */,
			);
			runOnlyForDeploymentPostprocessing = 0;
		};
		4733FB2726E4EB2D00C62579 /* Sources */ = {
			isa = PBXSourcesBuildPhase;
			buildActionMask = 2147483647;
			files = (
				4733FB4726E4EB2D00C62579 /* ContentView.swift in Sources */,
				4733FB4526E4EB2D00C62579 /* UI_300App.swift in Sources */,
			);
			runOnlyForDeploymentPostprocessing = 0;
		};
		4733FB2C26E4EB2D00C62579 /* Sources */ = {
			isa = PBXSourcesBuildPhase;
			buildActionMask = 2147483647;
			files = (
				4733FB3726E4EB2D00C62579 /* Tests_iOSLaunchTests.swift in Sources */,
				4733FB3526E4EB2D00C62579 /* Tests_iOS.swift in Sources */,
			);
			runOnlyForDeploymentPostprocessing = 0;
		};
		4733FB3826E4EB2D00C62579 /* Sources */ = {
			isa = PBXSourcesBuildPhase;
			buildActionMask = 2147483647;
			files = (
				4733FB4326E4EB2D00C62579 /* Tests_macOSLaunchTests.swift in Sources */,
				4733FB4126E4EB2D00C62579 /* Tests_macOS.swift in Sources */,
			);
			runOnlyForDeploymentPostprocessing = 0;
		};
/* End PBXSourcesBuildPhase section */

/* Begin PBXTargetDependency section */
		4733FB3226E4EB2D00C62579 /* PBXTargetDependency */ = {
			isa = PBXTargetDependency;
			target = 4733FB2426E4EB2D00C62579 /* UI-300 (iOS) */;
			targetProxy = 4733FB3126E4EB2D00C62579 /* PBXContainerItemProxy */;
		};
		4733FB3E26E4EB2D00C62579 /* PBXTargetDependency */ = {
			isa = PBXTargetDependency;
			target = 4733FB2A26E4EB2D00C62579 /* UI-300 (macOS) */;
			targetProxy = 4733FB3D26E4EB2D00C62579 /* PBXContainerItemProxy */;
		};
/* End PBXTargetDependency section */

/* Begin XCBuildConfiguration section */
		4733FB4A26E4EB2D00C62579 /* Debug */ = {
			isa = XCBuildConfiguration;
			buildSettings = {
				ALWAYS_SEARCH_USER_PATHS = NO;
				CLANG_ANALYZER_NONNULL = YES;
				CLANG_ANALYZER_NUMBER_OBJECT_CONVERSION = YES_AGGRESSIVE;
				CLANG_CXX_LANGUAGE_STANDARD = "gnu++17";
				CLANG_CXX_LIBRARY = "libc++";
				CLANG_ENABLE_MODULES = YES;
				CLANG_ENABLE_OBJC_ARC = YES;
				CLANG_ENABLE_OBJC_WEAK = YES;
				CLANG_WARN_BLOCK_CAPTURE_AUTORELEASING = YES;
				CLANG_WARN_BOOL_CONVERSION = YES;
				CLANG_WARN_COMMA = YES;
				CLANG_WARN_CONSTANT_CONVERSION = YES;
				CLANG_WARN_DEPRECATED_OBJC_IMPLEMENTATIONS = YES;
				CLANG_WARN_DIRECT_OBJC_ISA_USAGE = YES_ERROR;
				CLANG_WARN_DOCUMENTATION_COMMENTS = YES;
				CLANG_WARN_EMPTY_BODY = YES;
				CLANG_WARN_ENUM_CONVERSION = YES;
				CLANG_WARN_INFINITE_RECURSION = YES;
				CLANG_WARN_INT_CONVERSION = YES;
				CLANG_WARN_NON_LITERAL_NULL_CONVERSION = YES;
				CLANG_WARN_OBJC_IMPLICIT_RETAIN_SELF = YES;
				CLANG_WARN_OBJC_LITERAL_CONVERSION = YES;
				CLANG_WARN_OBJC_ROOT_CLASS = YES_ERROR;
				CLANG_WARN_QUOTED_INCLUDE_IN_FRAMEWORK_HEADER = YES;
				CLANG_WARN_RANGE_LOOP_ANALYSIS = YES;
				CLANG_WARN_STRICT_PROTOTYPES = YES;
				CLANG_WARN_SUSPICIOUS_MOVE = YES;
				CLANG_WARN_UNGUARDED_AVAILABILITY = YES_AGGRESSIVE;
				CLANG_WARN_UNREACHABLE_CODE = YES;
				CLANG_WARN__DUPLICATE_METHOD_MATCH = YES;
				COPY_PHASE_STRIP = NO;
				DEBUG_INFORMATION_FORMAT = dwarf;
				ENABLE_STRICT_OBJC_MSGSEND = YES;
				ENABLE_TESTABILITY = YES;
				GCC_C_LANGUAGE_STANDARD = gnu11;
				GCC_DYNAMIC_NO_PIC = NO;
				GCC_NO_COMMON_BLOCKS = YES;
				GCC_OPTIMIZATION_LEVEL = 0;
				GCC_PREPROCESSOR_DEFINITIONS = (
					"DEBUG=1",
					"$(inherited)",
				);
				GCC_WARN_64_TO_32_BIT_CONVERSION = YES;
				GCC_WARN_ABOUT_RETURN_TYPE = YES_ERROR;
				GCC_WARN_UNDECLARED_SELECTOR = YES;
				GCC_WARN_UNINITIALIZED_AUTOS = YES_AGGRESSIVE;
				GCC_WARN_UNUSED_FUNCTION = YES;
				GCC_WARN_UNUSED_VARIABLE = YES;
				MTL_ENABLE_DEBUG_INFO = INCLUDE_SOURCE;
				MTL_FAST_MATH = YES;
				ONLY_ACTIVE_ARCH = YES;
				SWIFT_ACTIVE_COMPILATION_CONDITIONS = DEBUG;
				SWIFT_OPTIMIZATION_LEVEL = "-Onone";
			};
			name = Debug;
		};
		4733FB4B26E4EB2D00C62579 /* Release */ = {
			isa = XCBuildConfiguration;
			buildSettings = {
				ALWAYS_SEARCH_USER_PATHS = NO;
				CLANG_ANALYZER_NONNULL = YES;
				CLANG_ANALYZER_NUMBER_OBJECT_CONVERSION = YES_AGGRESSIVE;
				CLANG_CXX_LANGUAGE_STANDARD = "gnu++17";
				CLANG_CXX_LIBRARY = "libc++";
				CLANG_ENABLE_MODULES = YES;
				CLANG_ENABLE_OBJC_ARC = YES;
				CLANG_ENABLE_OBJC_WEAK = YES;
				CLANG_WARN_BLOCK_CAPTURE_AUTORELEASING = YES;
				CLANG_WARN_BOOL_CONVERSION = YES;
				CLANG_WARN_COMMA = YES;
				CLANG_WARN_CONSTANT_CONVERSION = YES;
				CLANG_WARN_DEPRECATED_OBJC_IMPLEMENTATIONS = YES;
				CLANG_WARN_DIRECT_OBJC_ISA_USAGE = YES_ERROR;
				CLANG_WARN_DOCUMENTATION_COMMENTS = YES;
				CLANG_WARN_EMPTY_BODY = YES;
				CLANG_WARN_ENUM_CONVERSION = YES;
				CLANG_WARN_INFINITE_RECURSION = YES;
				CLANG_WARN_INT_CONVERSION = YES;
				CLANG_WARN_NON_LITERAL_NULL_CONVERSION = YES;
				CLANG_WARN_OBJC_IMPLICIT_RETAIN_SELF = YES;
				CLANG_WARN_OBJC_LITERAL_CONVERSION = YES;
				CLANG_WARN_OBJC_ROOT_CLASS = YES_ERROR;
				CLANG_WARN_QUOTED_INCLUDE_IN_FRAMEWORK_HEADER = YES;
				CLANG_WARN_RANGE_LOOP_ANALYSIS = YES;
				CLANG_WARN_STRICT_PROTOTYPES = YES;
				CLANG_WARN_SUSPICIOUS_MOVE = YES;
				CLANG_WARN_UNGUARDED_AVAILABILITY = YES_AGGRESSIVE;
				CLANG_WARN_UNREACHABLE_CODE = YES;
				CLANG_WARN__DUPLICATE_METHOD_MATCH = YES;
				COPY_PHASE_STRIP = NO;
				DEBUG_INFORMATION_FORMAT = "dwarf-with-dsym";
				ENABLE_NS_ASSERTIONS = NO;
				ENABLE_STRICT_OBJC_MSGSEND = YES;
				GCC_C_LANGUAGE_STANDARD = gnu11;
				GCC_NO_COMMON_BLOCKS = YES;
				GCC_WARN_64_TO_32_BIT_CONVERSION = YES;
				GCC_WARN_ABOUT_RETURN_TYPE = YES_ERROR;
				GCC_WARN_UNDECLARED_SELECTOR = YES;
				GCC_WARN_UNINITIALIZED_AUTOS = YES_AGGRESSIVE;
				GCC_WARN_UNUSED_FUNCTION = YES;
				GCC_WARN_UNUSED_VARIABLE = YES;
				MTL_ENABLE_DEBUG_INFO = NO;
				MTL_FAST_MATH = YES;
				SWIFT_COMPILATION_MODE = wholemodule;
				SWIFT_OPTIMIZATION_LEVEL = "-O";
			};
			name = Release;
		};
		4733FB4D26E4EB2D00C62579 /* Debug */ = {
			isa = XCBuildConfiguration;
			buildSettings = {
				ASSETCATALOG_COMPILER_APPICON_NAME = AppIcon;
				ASSETCATALOG_COMPILER_GLOBAL_ACCENT_COLOR_NAME = AccentColor;
				CODE_SIGN_STYLE = Automatic;
				CURRENT_PROJECT_VERSION = 1;
				DEVELOPMENT_TEAM = 8CL4U468K5;
				ENABLE_PREVIEWS = YES;
				GENERATE_INFOPLIST_FILE = YES;
				INFOPLIST_KEY_UIApplicationSceneManifest_Generation = YES;
				INFOPLIST_KEY_UIApplicationSupportsIndirectInputEvents = YES;
				INFOPLIST_KEY_UILaunchScreen_Generation = YES;
				INFOPLIST_KEY_UISupportedInterfaceOrientations_iPad = "UIInterfaceOrientationPortrait UIInterfaceOrientationPortraitUpsideDown UIInterfaceOrientationLandscapeLeft UIInterfaceOrientationLandscapeRight";
				INFOPLIST_KEY_UISupportedInterfaceOrientations_iPhone = "UIInterfaceOrientationPortrait UIInterfaceOrientationLandscapeLeft UIInterfaceOrientationLandscapeRight";
				IPHONEOS_DEPLOYMENT_TARGET = 15.0;
				LD_RUNPATH_SEARCH_PATHS = (
					"$(inherited)",
					"@executable_path/Frameworks",
				);
				MARKETING_VERSION = 1.0;
				PRODUCT_BUNDLE_IDENTIFIER = "com.587.UI-300";
				PRODUCT_NAME = "UI-300";
				SDKROOT = iphoneos;
				SWIFT_EMIT_LOC_STRINGS = YES;
				SWIFT_VERSION = 5.0;
				TARGETED_DEVICE_FAMILY = "1,2";
			};
			name = Debug;
		};
		4733FB4E26E4EB2D00C62579 /* Release */ = {
			isa = XCBuildConfiguration;
			buildSettings = {
				ASSETCATALOG_COMPILER_APPICON_NAME = AppIcon;
				ASSETCATALOG_COMPILER_GLOBAL_ACCENT_COLOR_NAME = AccentColor;
				CODE_SIGN_STYLE = Automatic;
				CURRENT_PROJECT_VERSION = 1;
				DEVELOPMENT_TEAM = 8CL4U468K5;
				ENABLE_PREVIEWS = YES;
				GENERATE_INFOPLIST_FILE = YES;
				INFOPLIST_KEY_UIApplicationSceneManifest_Generation = YES;
				INFOPLIST_KEY_UIApplicationSupportsIndirectInputEvents = YES;
				INFOPLIST_KEY_UILaunchScreen_Generation = YES;
				INFOPLIST_KEY_UISupportedInterfaceOrientations_iPad = "UIInterfaceOrientationPortrait UIInterfaceOrientationPortraitUpsideDown UIInterfaceOrientationLandscapeLeft UIInterfaceOrientationLandscapeRight";
				INFOPLIST_KEY_UISupportedInterfaceOrientations_iPhone = "UIInterfaceOrientationPortrait UIInterfaceOrientationLandscapeLeft UIInterfaceOrientationLandscapeRight";
				IPHONEOS_DEPLOYMENT_TARGET = 15.0;
				LD_RUNPATH_SEARCH_PATHS = (
					"$(inherited)",
					"@executable_path/Frameworks",
				);
				MARKETING_VERSION = 1.0;
				PRODUCT_BUNDLE_IDENTIFIER = "com.587.UI-300";
				PRODUCT_NAME = "UI-300";
				SDKROOT = iphoneos;
				SWIFT_EMIT_LOC_STRINGS = YES;
				SWIFT_VERSION = 5.0;
				TARGETED_DEVICE_FAMILY = "1,2";
				VALIDATE_PRODUCT = YES;
			};
			name = Release;
		};
		4733FB5026E4EB2D00C62579 /* Debug */ = {
			isa = XCBuildConfiguration;
			buildSettings = {
				ASSETCATALOG_COMPILER_APPICON_NAME = AppIcon;
				ASSETCATALOG_COMPILER_GLOBAL_ACCENT_COLOR_NAME = AccentColor;
				CODE_SIGN_STYLE = Automatic;
				COMBINE_HIDPI_IMAGES = YES;
				CURRENT_PROJECT_VERSION = 1;
				DEVELOPMENT_TEAM = 8CL4U468K5;
				ENABLE_APP_SANDBOX = YES;
				ENABLE_HARDENED_RUNTIME = YES;
				ENABLE_PREVIEWS = YES;
				ENABLE_USER_SELECTED_FILES = readonly;
				GENERATE_INFOPLIST_FILE = YES;
				INFOPLIST_KEY_NSHumanReadableCopyright = "";
				LD_RUNPATH_SEARCH_PATHS = (
					"$(inherited)",
					"@executable_path/../Frameworks",
				);
				MACOSX_DEPLOYMENT_TARGET = 11.0;
				MARKETING_VERSION = 1.0;
				PRODUCT_BUNDLE_IDENTIFIER = "com.587.UI-300";
				PRODUCT_NAME = "UI-300";
				SDKROOT = macosx;
				SWIFT_EMIT_LOC_STRINGS = YES;
				SWIFT_VERSION = 5.0;
			};
			name = Debug;
		};
		4733FB5126E4EB2D00C62579 /* Release */ = {
			isa = XCBuildConfiguration;
			buildSettings = {
				ASSETCATALOG_COMPILER_APPICON_NAME = AppIcon;
				ASSETCATALOG_COMPILER_GLOBAL_ACCENT_COLOR_NAME = AccentColor;
				CODE_SIGN_STYLE = Automatic;
				COMBINE_HIDPI_IMAGES = YES;
				CURRENT_PROJECT_VERSION = 1;
				DEVELOPMENT_TEAM = 8CL4U468K5;
				ENABLE_APP_SANDBOX = YES;
				ENABLE_HARDENED_RUNTIME = YES;
				ENABLE_PREVIEWS = YES;
				ENABLE_USER_SELECTED_FILES = readonly;
				GENERATE_INFOPLIST_FILE = YES;
				INFOPLIST_KEY_NSHumanReadableCopyright = "";
				LD_RUNPATH_SEARCH_PATHS = (
					"$(inherited)",
					"@executable_path/../Frameworks",
				);
				MACOSX_DEPLOYMENT_TARGET = 11.0;
				MARKETING_VERSION = 1.0;
				PRODUCT_BUNDLE_IDENTIFIER = "com.587.UI-300";
				PRODUCT_NAME = "UI-300";
				SDKROOT = macosx;
				SWIFT_EMIT_LOC_STRINGS = YES;
				SWIFT_VERSION = 5.0;
			};
			name = Release;
		};
		4733FB5326E4EB2D00C62579 /* Debug */ = {
			isa = XCBuildConfiguration;
			buildSettings = {
				ALWAYS_EMBED_SWIFT_STANDARD_LIBRARIES = YES;
				CODE_SIGN_STYLE = Automatic;
				CURRENT_PROJECT_VERSION = 1;
				DEVELOPMENT_TEAM = 8CL4U468K5;
				GENERATE_INFOPLIST_FILE = YES;
				IPHONEOS_DEPLOYMENT_TARGET = 15.0;
				LD_RUNPATH_SEARCH_PATHS = (
					"$(inherited)",
					"@executable_path/Frameworks",
					"@loader_path/Frameworks",
				);
				MARKETING_VERSION = 1.0;
				PRODUCT_BUNDLE_IDENTIFIER = "com.587.Tests-iOS";
				PRODUCT_NAME = "$(TARGET_NAME)";
				SDKROOT = iphoneos;
				SWIFT_EMIT_LOC_STRINGS = NO;
				SWIFT_VERSION = 5.0;
				TARGETED_DEVICE_FAMILY = "1,2";
				TEST_TARGET_NAME = "UI-300 (iOS)";
			};
			name = Debug;
		};
		4733FB5426E4EB2D00C62579 /* Release */ = {
			isa = XCBuildConfiguration;
			buildSettings = {
				ALWAYS_EMBED_SWIFT_STANDARD_LIBRARIES = YES;
				CODE_SIGN_STYLE = Automatic;
				CURRENT_PROJECT_VERSION = 1;
				DEVELOPMENT_TEAM = 8CL4U468K5;
				GENERATE_INFOPLIST_FILE = YES;
				IPHONEOS_DEPLOYMENT_TARGET = 15.0;
				LD_RUNPATH_SEARCH_PATHS = (
					"$(inherited)",
					"@executable_path/Frameworks",
					"@loader_path/Frameworks",
				);
				MARKETING_VERSION = 1.0;
				PRODUCT_BUNDLE_IDENTIFIER = "com.587.Tests-iOS";
				PRODUCT_NAME = "$(TARGET_NAME)";
				SDKROOT = iphoneos;
				SWIFT_EMIT_LOC_STRINGS = NO;
				SWIFT_VERSION = 5.0;
				TARGETED_DEVICE_FAMILY = "1,2";
				TEST_TARGET_NAME = "UI-300 (iOS)";
				VALIDATE_PRODUCT = YES;
			};
			name = Release;
		};
		4733FB5626E4EB2D00C62579 /* Debug */ = {
			isa = XCBuildConfiguration;
			buildSettings = {
				ALWAYS_EMBED_SWIFT_STANDARD_LIBRARIES = YES;
				CODE_SIGN_STYLE = Automatic;
				COMBINE_HIDPI_IMAGES = YES;
				CURRENT_PROJECT_VERSION = 1;
				DEVELOPMENT_TEAM = 8CL4U468K5;
				GENERATE_INFOPLIST_FILE = YES;
				LD_RUNPATH_SEARCH_PATHS = (
					"$(inherited)",
					"@executable_path/../Frameworks",
					"@loader_path/../Frameworks",
				);
				MACOSX_DEPLOYMENT_TARGET = 11.5;
				MARKETING_VERSION = 1.0;
				PRODUCT_BUNDLE_IDENTIFIER = "com.587.Tests-macOS";
				PRODUCT_NAME = "$(TARGET_NAME)";
				SDKROOT = macosx;
				SWIFT_EMIT_LOC_STRINGS = NO;
				SWIFT_VERSION = 5.0;
				TEST_TARGET_NAME = "UI-300 (macOS)";
			};
			name = Debug;
		};
		4733FB5726E4EB2D00C62579 /* Release */ = {
			isa = XCBuildConfiguration;
			buildSettings = {
				ALWAYS_EMBED_SWIFT_STANDARD_LIBRARIES = YES;
				CODE_SIGN_STYLE = Automatic;
				COMBINE_HIDPI_IMAGES = YES;
				CURRENT_PROJECT_VERSION = 1;
				DEVELOPMENT_TEAM = 8CL4U468K5;
				GENERATE_INFOPLIST_FILE = YES;
				LD_RUNPATH_SEARCH_PATHS = (
					"$(inherited)",
					"@executable_path/../Frameworks",
					"@loader_path/../Frameworks",
				);
				MACOSX_DEPLOYMENT_TARGET = 11.5;
				MARKETING_VERSION = 1.0;
				PRODUCT_BUNDLE_IDENTIFIER = "com.587.Tests-macOS";
				PRODUCT_NAME = "$(TARGET_NAME)";
				SDKROOT = macosx;
				SWIFT_EMIT_LOC_STRINGS = NO;
				SWIFT_VERSION = 5.0;
				TEST_TARGET_NAME = "UI-300 (macOS)";
			};
			name = Release;
		};
/* End XCBuildConfiguration section */

/* Begin XCConfigurationList section */
		4733FB1C26E4EB2C00C62579 /* Build configuration list for PBXProject "UI-300" */ = {
			isa = XCConfigurationList;
			buildConfigurations = (
				4733FB4A26E4EB2D00C62579 /* Debug */,
				4733FB4B26E4EB2D00C62579 /* Release */,
			);
			defaultConfigurationIsVisible = 0;
			defaultConfigurationName = Release;
		};
		4733FB4C26E4EB2D00C62579 /* Build configuration list for PBXNativeTarget "UI-300 (iOS)" */ = {
			isa = XCConfigurationList;
			buildConfigurations = (
				4733FB4D26E4EB2D00C62579 /* Debug */,
				4733FB4E26E4EB2D00C62579 /* Release */,
			);
			defaultConfigurationIsVisible = 0;
			defaultConfigurationName = Release;
		};
		4733FB4F26E4EB2D00C62579 /* Build configuration list for PBXNativeTarget "UI-300 (macOS)" */ = {
			isa = XCConfigurationList;
			buildConfigurations = (
				4733FB5026E4EB2D00C62579 /* Debug */,
				4733FB5126E4EB2D00C62579 /* Release */,
			);
			defaultConfigurationIsVisible = 0;
			defaultConfigurationName = Release;
		};
		4733FB5226E4EB2D00C62579 /* Build configuration list for PBXNativeTarget "Tests iOS" */ = {
			isa = XCConfigurationList;
			buildConfigurations = (
				4733FB5326E4EB2D00C62579 /* Debug */,
				4733FB5426E4EB2D00C62579 /* Release */,
			);
			defaultConfigurationIsVisible = 0;
			defaultConfigurationName = Release;
		};
		4733FB5526E4EB2D00C62579 /* Build configuration list for PBXNativeTarget "Tests macOS" */ = {
			isa = XCConfigurationList;
			buildConfigurations = (
				4733FB5626E4EB2D00C62579 /* Debug */,
				4733FB5726E4EB2D00C62579 /* Release */,
			);
			defaultConfigurationIsVisible = 0;
			defaultConfigurationName = Release;
		};
/* End XCConfigurationList section */
	};
	rootObject = 4733FB1926E4EB2C00C62579 /* Project object */;
}
